
Microsoft Visual Studio Solution File, Format Version 12.00
# Visual Studio 15
VisualStudioVersion = 15.0.27130.2036
MinimumVisualStudioVersion = 10.0.40219.1
Project("{2150E333-8FDC-42A3-9474-1A3956D46DE8}") = "RazorPages", "RazorPages", "{84CF435D-6003-4DD5-95C1-3E07FBAD5E9B}"
EndProject
Project("{9A19103F-16F7-4668-BE54-9A1E7A4F7556}") = "RazorPagesMovie", "RazorPages\RazorPagesMovie\RazorPagesMovie.csproj", "{33B97A35-22CA-40A3-92A0-7F32269CD4C2}"
EndProject
Project("{2150E333-8FDC-42A3-9474-1A3956D46DE8}") = "MvcWebApp", "MvcWebApp", "{E97B6AE3-C12E-4BC7-AA1E-43323B15FA7B}"
EndProject
Project("{9A19103F-16F7-4668-BE54-9A1E7A4F7556}") = "MvcMovie", "MvcWebApp\MvcMovie\MvcMovie.csproj", "{F6FF6891-631D-42F9-B548-3C3CD8A66E01}"
EndProject
Project("{2150E333-8FDC-42A3-9474-1A3956D46DE8}") = "WebApis", "WebApis", "{4F25D943-2B54-4DFA-B225-8A4B92628B35}"
EndProject
Project("{9A19103F-16F7-4668-BE54-9A1E7A4F7556}") = "TodoApi", "WebApis\TodoApi\TodoApi.csproj", "{83DEA4DE-5133-434E-8024-AAC6D5216A5C}"
EndProject
Project("{9A19103F-16F7-4668-BE54-9A1E7A4F7556}") = "TodoApiSwUI", "WebApis\TodoApiSwUI\TodoApiSwUI.csproj", "{275571BC-29BE-4C9E-A960-C28DF6B1AA8E}"
EndProject
Global
	GlobalSection(SolutionConfigurationPlatforms) = preSolution
		Debug|Any CPU = Debug|Any CPU
		Release|Any CPU = Release|Any CPU
	EndGlobalSection
	GlobalSection(ProjectConfigurationPlatforms) = postSolution
		{33B97A35-22CA-40A3-92A0-7F32269CD4C2}.Debug|Any CPU.ActiveCfg = Debug|Any CPU
		{33B97A35-22CA-40A3-92A0-7F32269CD4C2}.Debug|Any CPU.Build.0 = Debug|Any CPU
		{33B97A35-22CA-40A3-92A0-7F32269CD4C2}.Release|Any CPU.ActiveCfg = Release|Any CPU
		{33B97A35-22CA-40A3-92A0-7F32269CD4C2}.Release|Any CPU.Build.0 = Release|Any CPU
		{F6FF6891-631D-42F9-B548-3C3CD8A66E01}.Debug|Any CPU.ActiveCfg = Debug|Any CPU
		{F6FF6891-631D-42F9-B548-3C3CD8A66E01}.Debug|Any CPU.Build.0 = Debug|Any CPU
		{F6FF6891-631D-42F9-B548-3C3CD8A66E01}.Release|Any CPU.ActiveCfg = Release|Any CPU
		{F6FF6891-631D-42F9-B548-3C3CD8A66E01}.Release|Any CPU.Build.0 = Release|Any CPU
		{83DEA4DE-5133-434E-8024-AAC6D5216A5C}.Debug|Any CPU.ActiveCfg = Debug|Any CPU
		{83DEA4DE-5133-434E-8024-AAC6D5216A5C}.Debug|Any CPU.Build.0 = Debug|Any CPU
		{83DEA4DE-5133-434E-8024-AAC6D5216A5C}.Release|Any CPU.ActiveCfg = Release|Any CPU
		{83DEA4DE-5133-434E-8024-AAC6D5216A5C}.Release|Any CPU.Build.0 = Release|Any CPU
		{275571BC-29BE-4C9E-A960-C28DF6B1AA8E}.Debug|Any CPU.ActiveCfg = Debug|Any CPU
		{275571BC-29BE-4C9E-A960-C28DF6B1AA8E}.Debug|Any CPU.Build.0 = Debug|Any CPU
		{275571BC-29BE-4C9E-A960-C28DF6B1AA8E}.Release|Any CPU.ActiveCfg = Release|Any CPU
		{275571BC-29BE-4C9E-A960-C28DF6B1AA8E}.Release|Any CPU.Build.0 = Release|Any CPU
	EndGlobalSection
	GlobalSection(SolutionProperties) = preSolution
		HideSolutionNode = FALSE
	EndGlobalSection
	GlobalSection(NestedProjects) = preSolution
		{33B97A35-22CA-40A3-92A0-7F32269CD4C2} = {84CF435D-6003-4DD5-95C1-3E07FBAD5E9B}
		{F6FF6891-631D-42F9-B548-3C3CD8A66E01} = {E97B6AE3-C12E-4BC7-AA1E-43323B15FA7B}
		{83DEA4DE-5133-434E-8024-AAC6D5216A5C} = {4F25D943-2B54-4DFA-B225-8A4B92628B35}
		{275571BC-29BE-4C9E-A960-C28DF6B1AA8E} = {4F25D943-2B54-4DFA-B225-8A4B92628B35}
	EndGlobalSection
	GlobalSection(ExtensibilityGlobals) = postSolution
		SolutionGuid = {6BABB2AB-6681-41B7-A6D1-1C3A064B346F}
	EndGlobalSection
EndGlobal
